// !$*UTF8*$!
{
	archiveVersion = 1;
	classes = {
	};
	objectVersion = 51;
	objects = {

/* Begin PBXBuildFile section */
		621965DD243EF06900DFBCEB /* GoogleService-Info.plist in Resources */ = {isa = PBXBuildFile; fileRef = 621965DC243EF06900DFBCEB /* GoogleService-Info.plist */; };
		6261171F243F2B880067443B /* Api.swift in Sources */ = {isa = PBXBuildFile; fileRef = 6261171E243F2B880067443B /* Api.swift */; };
		62611721243F2C430067443B /* UserApi.swift in Sources */ = {isa = PBXBuildFile; fileRef = 62611720243F2C430067443B /* UserApi.swift */; };
		6261172924404E370067443B /* StorageServices.swift in Sources */ = {isa = PBXBuildFile; fileRef = 6261172824404E370067443B /* StorageServices.swift */; };
		6261172B244054690067443B /* Reference.swift in Sources */ = {isa = PBXBuildFile; fileRef = 6261172A244054690067443B /* Reference.swift */; };
		9B645503242E04570029376E /* AppDelegate.swift in Sources */ = {isa = PBXBuildFile; fileRef = 9B645502242E04570029376E /* AppDelegate.swift */; };
		9B645505242E04570029376E /* SceneDelegate.swift in Sources */ = {isa = PBXBuildFile; fileRef = 9B645504242E04570029376E /* SceneDelegate.swift */; };
		9B645507242E04570029376E /* ViewController.swift in Sources */ = {isa = PBXBuildFile; fileRef = 9B645506242E04570029376E /* ViewController.swift */; };
		9B64550A242E04570029376E /* Main.storyboard in Resources */ = {isa = PBXBuildFile; fileRef = 9B645508242E04570029376E /* Main.storyboard */; };
		9B64550C242E04590029376E /* Assets.xcassets in Resources */ = {isa = PBXBuildFile; fileRef = 9B64550B242E04590029376E /* Assets.xcassets */; };
		9B64550F242E04590029376E /* LaunchScreen.storyboard in Resources */ = {isa = PBXBuildFile; fileRef = 9B64550D242E04590029376E /* LaunchScreen.storyboard */; };
		9BBDD30B2431CE2100711475 /* ViewController+UI.swift in Sources */ = {isa = PBXBuildFile; fileRef = 9BBDD30A2431CE2100711475 /* ViewController+UI.swift */; };
		9BBDD30D24323D1C00711475 /* SignupViewController.swift in Sources */ = {isa = PBXBuildFile; fileRef = 9BBDD30C24323D1C00711475 /* SignupViewController.swift */; };
		9BBDD30F24328E5100711475 /* SignupViewController+UI.swift in Sources */ = {isa = PBXBuildFile; fileRef = 9BBDD30E24328E5100711475 /* SignupViewController+UI.swift */; };
		9BBDD31124329B9300711475 /* SignInViewController.swift in Sources */ = {isa = PBXBuildFile; fileRef = 9BBDD31024329B9300711475 /* SignInViewController.swift */; };
		9BBDD3132432A04E00711475 /* SignInViewController+UI.swift in Sources */ = {isa = PBXBuildFile; fileRef = 9BBDD3122432A04E00711475 /* SignInViewController+UI.swift */; };
		9BBDD3152432A46900711475 /* ForgotPasswordViewController.swift in Sources */ = {isa = PBXBuildFile; fileRef = 9BBDD3142432A46900711475 /* ForgotPasswordViewController.swift */; };
		9BBDD3172432A51C00711475 /* ForgotPasswordViewController+UI.swift in Sources */ = {isa = PBXBuildFile; fileRef = 9BBDD3162432A51C00711475 /* ForgotPasswordViewController+UI.swift */; };
		D8C9B86D5186A139091F3300 /* Pods_Chattest1.framework in Frameworks */ = {isa = PBXBuildFile; fileRef = 9565652CBA0371A299B41C4F /* Pods_Chattest1.framework */; };
/* End PBXBuildFile section */

/* Begin PBXFileReference section */
		621965DC243EF06900DFBCEB /* GoogleService-Info.plist */ = {isa = PBXFileReference; fileEncoding = 4; lastKnownFileType = text.plist.xml; path = "GoogleService-Info.plist"; sourceTree = "<group>"; };
		6261171E243F2B880067443B /* Api.swift */ = {isa = PBXFileReference; lastKnownFileType = sourcecode.swift; path = Api.swift; sourceTree = "<group>"; };
		62611720243F2C430067443B /* UserApi.swift */ = {isa = PBXFileReference; lastKnownFileType = sourcecode.swift; path = UserApi.swift; sourceTree = "<group>"; };
		6261172824404E370067443B /* StorageServices.swift */ = {isa = PBXFileReference; lastKnownFileType = sourcecode.swift; path = StorageServices.swift; sourceTree = "<group>"; };
		6261172A244054690067443B /* Reference.swift */ = {isa = PBXFileReference; lastKnownFileType = sourcecode.swift; path = Reference.swift; sourceTree = "<group>"; };
		9565652CBA0371A299B41C4F /* Pods_Chattest1.framework */ = {isa = PBXFileReference; explicitFileType = wrapper.framework; includeInIndex = 0; path = Pods_Chattest1.framework; sourceTree = BUILT_PRODUCTS_DIR; };
		9B6454FF242E04570029376E /* Chattest1.app */ = {isa = PBXFileReference; explicitFileType = wrapper.application; includeInIndex = 0; path = Chattest1.app; sourceTree = BUILT_PRODUCTS_DIR; };
		9B645502242E04570029376E /* AppDelegate.swift */ = {isa = PBXFileReference; lastKnownFileType = sourcecode.swift; path = AppDelegate.swift; sourceTree = "<group>"; };
		9B645504242E04570029376E /* SceneDelegate.swift */ = {isa = PBXFileReference; lastKnownFileType = sourcecode.swift; path = SceneDelegate.swift; sourceTree = "<group>"; };
		9B645506242E04570029376E /* ViewController.swift */ = {isa = PBXFileReference; lastKnownFileType = sourcecode.swift; path = ViewController.swift; sourceTree = "<group>"; };
		9B645509242E04570029376E /* Base */ = {isa = PBXFileReference; lastKnownFileType = file.storyboard; name = Base; path = Base.lproj/Main.storyboard; sourceTree = "<group>"; };
		9B64550B242E04590029376E /* Assets.xcassets */ = {isa = PBXFileReference; lastKnownFileType = folder.assetcatalog; path = Assets.xcassets; sourceTree = "<group>"; };
		9B64550E242E04590029376E /* Base */ = {isa = PBXFileReference; lastKnownFileType = file.storyboard; name = Base; path = Base.lproj/LaunchScreen.storyboard; sourceTree = "<group>"; };
		9B645510242E04590029376E /* Info.plist */ = {isa = PBXFileReference; lastKnownFileType = text.plist.xml; path = Info.plist; sourceTree = "<group>"; };
		9BBDD30A2431CE2100711475 /* ViewController+UI.swift */ = {isa = PBXFileReference; lastKnownFileType = sourcecode.swift; path = "ViewController+UI.swift"; sourceTree = "<group>"; };
		9BBDD30C24323D1C00711475 /* SignupViewController.swift */ = {isa = PBXFileReference; lastKnownFileType = sourcecode.swift; path = SignupViewController.swift; sourceTree = "<group>"; };
		9BBDD30E24328E5100711475 /* SignupViewController+UI.swift */ = {isa = PBXFileReference; lastKnownFileType = sourcecode.swift; path = "SignupViewController+UI.swift"; sourceTree = "<group>"; };
		9BBDD31024329B9300711475 /* SignInViewController.swift */ = {isa = PBXFileReference; lastKnownFileType = sourcecode.swift; path = SignInViewController.swift; sourceTree = "<group>"; };
		9BBDD3122432A04E00711475 /* SignInViewController+UI.swift */ = {isa = PBXFileReference; lastKnownFileType = sourcecode.swift; path = "SignInViewController+UI.swift"; sourceTree = "<group>"; };
		9BBDD3142432A46900711475 /* ForgotPasswordViewController.swift */ = {isa = PBXFileReference; lastKnownFileType = sourcecode.swift; path = ForgotPasswordViewController.swift; sourceTree = "<group>"; };
		9BBDD3162432A51C00711475 /* ForgotPasswordViewController+UI.swift */ = {isa = PBXFileReference; lastKnownFileType = sourcecode.swift; path = "ForgotPasswordViewController+UI.swift"; sourceTree = "<group>"; };
		C4EFEF4971FCA64BC45F4711 /* Pods-Chattest1.debug.xcconfig */ = {isa = PBXFileReference; includeInIndex = 1; lastKnownFileType = text.xcconfig; name = "Pods-Chattest1.debug.xcconfig"; path = "Target Support Files/Pods-Chattest1/Pods-Chattest1.debug.xcconfig"; sourceTree = "<group>"; };
		D1BD01787A3D28EF594CFEE3 /* Pods-Chattest1.release.xcconfig */ = {isa = PBXFileReference; includeInIndex = 1; lastKnownFileType = text.xcconfig; name = "Pods-Chattest1.release.xcconfig"; path = "Target Support Files/Pods-Chattest1/Pods-Chattest1.release.xcconfig"; sourceTree = "<group>"; };
/* End PBXFileReference section */

/* Begin PBXFrameworksBuildPhase section */
		9B6454FC242E04570029376E /* Frameworks */ = {
			isa = PBXFrameworksBuildPhase;
			buildActionMask = 2147483647;
			files = (
				D8C9B86D5186A139091F3300 /* Pods_Chattest1.framework in Frameworks */,
			);
			runOnlyForDeploymentPostprocessing = 0;
		};
/* End PBXFrameworksBuildPhase section */

/* Begin PBXGroup section */
		16793FCFFF435F570F9BE95F /* Frameworks */ = {
			isa = PBXGroup;
			children = (
				9565652CBA0371A299B41C4F /* Pods_Chattest1.framework */,
			);
			name = Frameworks;
			sourceTree = "<group>";
		};
		3E316952D35ADEBC68D88466 /* Pods */ = {
			isa = PBXGroup;
			children = (
				C4EFEF4971FCA64BC45F4711 /* Pods-Chattest1.debug.xcconfig */,
				D1BD01787A3D28EF594CFEE3 /* Pods-Chattest1.release.xcconfig */,
			);
			path = Pods;
			sourceTree = "<group>";
		};
		9B6454F6242E04570029376E = {
			isa = PBXGroup;
			children = (
				9B645501242E04570029376E /* Chattest1 */,
				9B645500242E04570029376E /* Products */,
				3E316952D35ADEBC68D88466 /* Pods */,
				16793FCFFF435F570F9BE95F /* Frameworks */,
			);
			sourceTree = "<group>";
		};
		9B645500242E04570029376E /* Products */ = {
			isa = PBXGroup;
			children = (
				9B6454FF242E04570029376E /* Chattest1.app */,
			);
			name = Products;
			sourceTree = "<group>";
		};
		9B645501242E04570029376E /* Chattest1 */ = {
			isa = PBXGroup;
			children = (
				9B645502242E04570029376E /* AppDelegate.swift */,
				9B645504242E04570029376E /* SceneDelegate.swift */,
				9B645506242E04570029376E /* ViewController.swift */,
				9BBDD30A2431CE2100711475 /* ViewController+UI.swift */,
				9B645508242E04570029376E /* Main.storyboard */,
				9BBDD30C24323D1C00711475 /* SignupViewController.swift */,
				9BBDD30E24328E5100711475 /* SignupViewController+UI.swift */,
				9BBDD31024329B9300711475 /* SignInViewController.swift */,
				9BBDD3122432A04E00711475 /* SignInViewController+UI.swift */,
				9BBDD3142432A46900711475 /* ForgotPasswordViewController.swift */,
				9BBDD3162432A51C00711475 /* ForgotPasswordViewController+UI.swift */,
				6261171E243F2B880067443B /* Api.swift */,
				62611720243F2C430067443B /* UserApi.swift */,
				6261172824404E370067443B /* StorageServices.swift */,
				6261172A244054690067443B /* Reference.swift */,
				9B64550B242E04590029376E /* Assets.xcassets */,
				9B64550D242E04590029376E /* LaunchScreen.storyboard */,
				9B645510242E04590029376E /* Info.plist */,
				621965DC243EF06900DFBCEB /* GoogleService-Info.plist */,
			);
			path = Chattest1;
			sourceTree = "<group>";
		};
/* End PBXGroup section */

/* Begin PBXNativeTarget section */
		9B6454FE242E04570029376E /* Chattest1 */ = {
			isa = PBXNativeTarget;
			buildConfigurationList = 9B645513242E04590029376E /* Build configuration list for PBXNativeTarget "Chattest1" */;
			buildPhases = (
				289EACBAF8F3F2FB8D0664B4 /* [CP] Check Pods Manifest.lock */,
				9B6454FB242E04570029376E /* Sources */,
				9B6454FC242E04570029376E /* Frameworks */,
				9B6454FD242E04570029376E /* Resources */,
				EC4E8677A7CEDF2D7C412023 /* [CP] Embed Pods Frameworks */,
			);
			buildRules = (
			);
			dependencies = (
			);
			name = Chattest1;
			productName = Chattest1;
			productReference = 9B6454FF242E04570029376E /* Chattest1.app */;
			productType = "com.apple.product-type.application";
		};
/* End PBXNativeTarget section */

/* Begin PBXProject section */
		9B6454F7242E04570029376E /* Project object */ = {
			isa = PBXProject;
			attributes = {
				LastSwiftUpdateCheck = 1130;
				LastUpgradeCheck = 1130;
				ORGANIZATIONNAME = prasthana;
				TargetAttributes = {
					9B6454FE242E04570029376E = {
						CreatedOnToolsVersion = 11.3;
					};
				};
			};
			buildConfigurationList = 9B6454FA242E04570029376E /* Build configuration list for PBXProject "Chattest1" */;
			compatibilityVersion = "Xcode 9.3";
			developmentRegion = en;
			hasScannedForEncodings = 0;
			knownRegions = (
				en,
				Base,
			);
			mainGroup = 9B6454F6242E04570029376E;
			productRefGroup = 9B645500242E04570029376E /* Products */;
			projectDirPath = "";
			projectRoot = "";
			targets = (
				9B6454FE242E04570029376E /* Chattest1 */,
			);
		};
/* End PBXProject section */

/* Begin PBXResourcesBuildPhase section */
		9B6454FD242E04570029376E /* Resources */ = {
			isa = PBXResourcesBuildPhase;
			buildActionMask = 2147483647;
			files = (
				9B64550F242E04590029376E /* LaunchScreen.storyboard in Resources */,
				9B64550C242E04590029376E /* Assets.xcassets in Resources */,
				621965DD243EF06900DFBCEB /* GoogleService-Info.plist in Resources */,
				9B64550A242E04570029376E /* Main.storyboard in Resources */,
			);
			runOnlyForDeploymentPostprocessing = 0;
		};
/* End PBXResourcesBuildPhase section */

/* Begin PBXShellScriptBuildPhase section */
		289EACBAF8F3F2FB8D0664B4 /* [CP] Check Pods Manifest.lock */ = {
			isa = PBXShellScriptBuildPhase;
			buildActionMask = 2147483647;
			files = (
			);
			inputFileListPaths = (
			);
			inputPaths = (
				"${PODS_PODFILE_DIR_PATH}/Podfile.lock",
				"${PODS_ROOT}/Manifest.lock",
			);
			name = "[CP] Check Pods Manifest.lock";
			outputFileListPaths = (
			);
			outputPaths = (
				"$(DERIVED_FILE_DIR)/Pods-Chattest1-checkManifestLockResult.txt",
			);
			runOnlyForDeploymentPostprocessing = 0;
			shellPath = /bin/sh;
			shellScript = "diff \"${PODS_PODFILE_DIR_PATH}/Podfile.lock\" \"${PODS_ROOT}/Manifest.lock\" > /dev/null\nif [ $? != 0 ] ; then\n    # print error to STDERR\n    echo \"error: The sandbox is not in sync with the Podfile.lock. Run 'pod install' or update your CocoaPods installation.\" >&2\n    exit 1\nfi\n# This output is used by Xcode 'outputs' to avoid re-running this script phase.\necho \"SUCCESS\" > \"${SCRIPT_OUTPUT_FILE_0}\"\n";
			showEnvVarsInLog = 0;
		};
		EC4E8677A7CEDF2D7C412023 /* [CP] Embed Pods Frameworks */ = {
			isa = PBXShellScriptBuildPhase;
			buildActionMask = 2147483647;
			files = (
			);
			inputFileListPaths = (
				"${PODS_ROOT}/Target Support Files/Pods-Chattest1/Pods-Chattest1-frameworks-${CONFIGURATION}-input-files.xcfilelist",
			);
			name = "[CP] Embed Pods Frameworks";
			outputFileListPaths = (
				"${PODS_ROOT}/Target Support Files/Pods-Chattest1/Pods-Chattest1-frameworks-${CONFIGURATION}-output-files.xcfilelist",
			);
			runOnlyForDeploymentPostprocessing = 0;
			shellPath = /bin/sh;
			shellScript = "\"${PODS_ROOT}/Target Support Files/Pods-Chattest1/Pods-Chattest1-frameworks.sh\"\n";
			showEnvVarsInLog = 0;
		};
/* End PBXShellScriptBuildPhase section */

/* Begin PBXSourcesBuildPhase section */
		9B6454FB242E04570029376E /* Sources */ = {
			isa = PBXSourcesBuildPhase;
			buildActionMask = 2147483647;
			files = (
				9BBDD3152432A46900711475 /* ForgotPasswordViewController.swift in Sources */,
				9BBDD3132432A04E00711475 /* SignInViewController+UI.swift in Sources */,
				9BBDD31124329B9300711475 /* SignInViewController.swift in Sources */,
				9B645507242E04570029376E /* ViewController.swift in Sources */,
				9BBDD3172432A51C00711475 /* ForgotPasswordViewController+UI.swift in Sources */,
				6261172924404E370067443B /* StorageServices.swift in Sources */,
				6261171F243F2B880067443B /* Api.swift in Sources */,
				9B645503242E04570029376E /* AppDelegate.swift in Sources */,
				9BBDD30F24328E5100711475 /* SignupViewController+UI.swift in Sources */,
				6261172B244054690067443B /* Reference.swift in Sources */,
				9BBDD30D24323D1C00711475 /* SignupViewController.swift in Sources */,
				62611721243F2C430067443B /* UserApi.swift in Sources */,
				9BBDD30B2431CE2100711475 /* ViewController+UI.swift in Sources */,
				9B645505242E04570029376E /* SceneDelegate.swift in Sources */,
			);
			runOnlyForDeploymentPostprocessing = 0;
		};
/* End PBXSourcesBuildPhase section */

/* Begin PBXVariantGroup section */
		9B645508242E04570029376E /* Main.storyboard */ = {
			isa = PBXVariantGroup;
			children = (
				9B645509242E04570029376E /* Base */,
			);
			name = Main.storyboard;
			sourceTree = "<group>";
		};
		9B64550D242E04590029376E /* LaunchScreen.storyboard */ = {
			isa = PBXVariantGroup;
			children = (
				9B64550E242E04590029376E /* Base */,
			);
			name = LaunchScreen.storyboard;
			sourceTree = "<group>";
		};
/* End PBXVariantGroup section */

/* Begin XCBuildConfiguration section */
		9B645511242E04590029376E /* Debug */ = {
			isa = XCBuildConfiguration;
			buildSettings = {
				ALWAYS_SEARCH_USER_PATHS = NO;
				CLANG_ANALYZER_NONNULL = YES;
				CLANG_ANALYZER_NUMBER_OBJECT_CONVERSION = YES_AGGRESSIVE;
				CLANG_CXX_LANGUAGE_STANDARD = "gnu++14";
				CLANG_CXX_LIBRARY = "libc++";
				CLANG_ENABLE_MODULES = YES;
				CLANG_ENABLE_OBJC_ARC = YES;
				CLANG_ENABLE_OBJC_WEAK = YES;
				CLANG_WARN_BLOCK_CAPTURE_AUTORELEASING = YES;
				CLANG_WARN_BOOL_CONVERSION = YES;
				CLANG_WARN_COMMA = YES;
				CLANG_WARN_CONSTANT_CONVERSION = YES;
				CLANG_WARN_DEPRECATED_OBJC_IMPLEMENTATIONS = YES;
				CLANG_WARN_DIRECT_OBJC_ISA_USAGE = YES_ERROR;
				CLANG_WARN_DOCUMENTATION_COMMENTS = YES;
				CLANG_WARN_EMPTY_BODY = YES;
				CLANG_WARN_ENUM_CONVERSION = YES;
				CLANG_WARN_INFINITE_RECURSION = YES;
				CLANG_WARN_INT_CONVERSION = YES;
				CLANG_WARN_NON_LITERAL_NULL_CONVERSION = YES;
				CLANG_WARN_OBJC_IMPLICIT_RETAIN_SELF = YES;
				CLANG_WARN_OBJC_LITERAL_CONVERSION = YES;
				CLANG_WARN_OBJC_ROOT_CLASS = YES_ERROR;
				CLANG_WARN_RANGE_LOOP_ANALYSIS = YES;
				CLANG_WARN_STRICT_PROTOTYPES = YES;
				CLANG_WARN_SUSPICIOUS_MOVE = YES;
				CLANG_WARN_UNGUARDED_AVAILABILITY = YES_AGGRESSIVE;
				CLANG_WARN_UNREACHABLE_CODE = YES;
				CLANG_WARN__DUPLICATE_METHOD_MATCH = YES;
				COPY_PHASE_STRIP = NO;
				DEBUG_INFORMATION_FORMAT = dwarf;
				ENABLE_STRICT_OBJC_MSGSEND = YES;
				ENABLE_TESTABILITY = YES;
				GCC_C_LANGUAGE_STANDARD = gnu11;
				GCC_DYNAMIC_NO_PIC = NO;
				GCC_NO_COMMON_BLOCKS = YES;
				GCC_OPTIMIZATION_LEVEL = 0;
				GCC_PREPROCESSOR_DEFINITIONS = (
					"DEBUG=1",
					"$(inherited)",
				);
				GCC_WARN_64_TO_32_BIT_CONVERSION = YES;
				GCC_WARN_ABOUT_RETURN_TYPE = YES_ERROR;
				GCC_WARN_UNDECLARED_SELECTOR = YES;
				GCC_WARN_UNINITIALIZED_AUTOS = YES_AGGRESSIVE;
				GCC_WARN_UNUSED_FUNCTION = YES;
				GCC_WARN_UNUSED_VARIABLE = YES;
				IPHONEOS_DEPLOYMENT_TARGET = 13.2;
				MTL_ENABLE_DEBUG_INFO = INCLUDE_SOURCE;
				MTL_FAST_MATH = YES;
				ONLY_ACTIVE_ARCH = YES;
				SDKROOT = iphoneos;
				SWIFT_ACTIVE_COMPILATION_CONDITIONS = DEBUG;
				SWIFT_OPTIMIZATION_LEVEL = "-Onone";
			};
			name = Debug;
		};
		9B645512242E04590029376E /* Release */ = {
			isa = XCBuildConfiguration;
			buildSettings = {
				ALWAYS_SEARCH_USER_PATHS = NO;
				CLANG_ANALYZER_NONNULL = YES;
				CLANG_ANALYZER_NUMBER_OBJECT_CONVERSION = YES_AGGRESSIVE;
				CLANG_CXX_LANGUAGE_STANDARD = "gnu++14";
				CLANG_CXX_LIBRARY = "libc++";
				CLANG_ENABLE_MODULES = YES;
				CLANG_ENABLE_OBJC_ARC = YES;
				CLANG_ENABLE_OBJC_WEAK = YES;
				CLANG_WARN_BLOCK_CAPTURE_AUTORELEASING = YES;
				CLANG_WARN_BOOL_CONVERSION = YES;
				CLANG_WARN_COMMA = YES;
				CLANG_WARN_CONSTANT_CONVERSION = YES;
				CLANG_WARN_DEPRECATED_OBJC_IMPLEMENTATIONS = YES;
				CLANG_WARN_DIRECT_OBJC_ISA_USAGE = YES_ERROR;
				CLANG_WARN_DOCUMENTATION_COMMENTS = YES;
				CLANG_WARN_EMPTY_BODY = YES;
				CLANG_WARN_ENUM_CONVERSION = YES;
				CLANG_WARN_INFINITE_RECURSION = YES;
				CLANG_WARN_INT_CONVERSION = YES;
				CLANG_WARN_NON_LITERAL_NULL_CONVERSION = YES;
				CLANG_WARN_OBJC_IMPLICIT_RETAIN_SELF = YES;
				CLANG_WARN_OBJC_LITERAL_CONVERSION = YES;
				CLANG_WARN_OBJC_ROOT_CLASS = YES_ERROR;
				CLANG_WARN_RANGE_LOOP_ANALYSIS = YES;
				CLANG_WARN_STRICT_PROTOTYPES = YES;
				CLANG_WARN_SUSPICIOUS_MOVE = YES;
				CLANG_WARN_UNGUARDED_AVAILABILITY = YES_AGGRESSIVE;
				CLANG_WARN_UNREACHABLE_CODE = YES;
				CLANG_WARN__DUPLICATE_METHOD_MATCH = YES;
				COPY_PHASE_STRIP = NO;
				DEBUG_INFORMATION_FORMAT = "dwarf-with-dsym";
				ENABLE_NS_ASSERTIONS = NO;
				ENABLE_STRICT_OBJC_MSGSEND = YES;
				GCC_C_LANGUAGE_STANDARD = gnu11;
				GCC_NO_COMMON_BLOCKS = YES;
				GCC_WARN_64_TO_32_BIT_CONVERSION = YES;
				GCC_WARN_ABOUT_RETURN_TYPE = YES_ERROR;
				GCC_WARN_UNDECLARED_SELECTOR = YES;
				GCC_WARN_UNINITIALIZED_AUTOS = YES_AGGRESSIVE;
				GCC_WARN_UNUSED_FUNCTION = YES;
				GCC_WARN_UNUSED_VARIABLE = YES;
				IPHONEOS_DEPLOYMENT_TARGET = 13.2;
				MTL_ENABLE_DEBUG_INFO = NO;
				MTL_FAST_MATH = YES;
				SDKROOT = iphoneos;
				SWIFT_COMPILATION_MODE = wholemodule;
				SWIFT_OPTIMIZATION_LEVEL = "-O";
				VALIDATE_PRODUCT = YES;
			};
			name = Release;
		};
		9B645514242E04590029376E /* Debug */ = {
			isa = XCBuildConfiguration;
			baseConfigurationReference = C4EFEF4971FCA64BC45F4711 /* Pods-Chattest1.debug.xcconfig */;
			buildSettings = {
				ASSETCATALOG_COMPILER_APPICON_NAME = AppIcon;
				CODE_SIGN_STYLE = Automatic;
				DEVELOPMENT_TEAM = Z936WG44X8;
				INFOPLIST_FILE = Chattest1/Info.plist;
				IPHONEOS_DEPLOYMENT_TARGET = 10.1;
				LD_RUNPATH_SEARCH_PATHS = (
					"$(inherited)",
					"@executable_path/Frameworks",
				);
				PRODUCT_BUNDLE_IDENTIFIER = sreeram.Chattest1;
				PRODUCT_NAME = "$(TARGET_NAME)";
				SWIFT_VERSION = 5.0;
				TARGETED_DEVICE_FAMILY = "1,2";
			};
			name = Debug;
		};
		9B645515242E04590029376E /* Release */ = {
			isa = XCBuildConfiguration;
			baseConfigurationReference = D1BD01787A3D28EF594CFEE3 /* Pods-Chattest1.release.xcconfig */;
			buildSettings = {
				ASSETCATALOG_COMPILER_APPICON_NAME = AppIcon;
				CODE_SIGN_STYLE = Automatic;
				DEVELOPMENT_TEAM = Z936WG44X8;
				INFOPLIST_FILE = Chattest1/Info.plist;
				IPHONEOS_DEPLOYMENT_TARGET = 10.1;
				LD_RUNPATH_SEARCH_PATHS = (
					"$(inherited)",
					"@executable_path/Frameworks",
				);
				PRODUCT_BUNDLE_IDENTIFIER = sreeram.Chattest1;
				PRODUCT_NAME = "$(TARGET_NAME)";
				SWIFT_VERSION = 5.0;
				TARGETED_DEVICE_FAMILY = "1,2";
			};
			name = Release;
		};
/* End XCBuildConfiguration section */

/* Begin XCConfigurationList section */
		9B6454FA242E04570029376E /* Build configuration list for PBXProject "Chattest1" */ = {
			isa = XCConfigurationList;
			buildConfigurations = (
				9B645511242E04590029376E /* Debug */,
				9B645512242E04590029376E /* Release */,
			);
			defaultConfigurationIsVisible = 0;
			defaultConfigurationName = Release;
		};
		9B645513242E04590029376E /* Build configuration list for PBXNativeTarget "Chattest1" */ = {
			isa = XCConfigurationList;
			buildConfigurations = (
				9B645514242E04590029376E /* Debug */,
				9B645515242E04590029376E /* Release */,
			);
			defaultConfigurationIsVisible = 0;
			defaultConfigurationName = Release;
		};
/* End XCConfigurationList section */
	};
	rootObject = 9B6454F7242E04570029376E /* Project object */;
}
